{
  "nodes": {
    "nixpkgs": {
      "locked": {
        "lastModified": 1741196730,
        "narHash": "sha256-0Sj6ZKjCpQMfWnN0NURqRCQn2ob7YtXTAOTwCuz7fkA=",
        "rev": "48913d8f9127ea6530a2a2f1bd4daa1b8685d8a3",
        "revCount": 715344,
        "type": "tarball",
        "url": "https://api.flakehub.com/f/pinned/NixOS/nixpkgs/0.2411.715344%2Brev-48913d8f9127ea6530a2a2f1bd4daa1b8685d8a3/01956c72-2ea6-7c5e-91c0-e2b2e520cfa9/source.tar.gz"
      },
      "original": {
        "type": "tarball",
        "url": "https://flakehub.com/f/NixOS/nixpkgs/0.2411.%2A"
      }
    },
    "root": {
      "inputs": {
        "nixpkgs": "nixpkgs"
      }
    }
  },
  "root": "root",
  "version": 7
}
